
Microsoft Visual Studio Solution File, Format Version 12.00
# Visual Studio Version 16
VisualStudioVersion = 16.0.31410.357
MinimumVisualStudioVersion = 10.0.40219.1
Project("{FAE04EC0-301F-11D3-BF4B-00C04F79EFBC}") = "LoafOnTheJob", "LoafOnTheJob\LoafOnTheJob.csproj", "{E65E288B-4EDF-4BC5-8AFC-C460EC41556F}"
EndProject
Project("{FAE04EC0-301F-11D3-BF4B-00C04F79EFBC}") = "LoafOnTheJob.Service", "LoafOnTheJob.Service\LoafOnTheJob.Service.csproj", "{A0CEDD66-F225-4C0F-ABAF-921CDE8893C5}"
EndProject
Global
	GlobalSection(SolutionConfigurationPlatforms) = preSolution
		Debug|Any CPU = Debug|Any CPU
		Release|Any CPU = Release|Any CPU
	EndGlobalSection
	GlobalSection(ProjectConfigurationPlatforms) = postSolution
		{E65E288B-4EDF-4BC5-8AFC-C460EC41556F}.Debug|Any CPU.ActiveCfg = Debug|Any CPU
		{E65E288B-4EDF-4BC5-8AFC-C460EC41556F}.Debug|Any CPU.Build.0 = Debug|Any CPU
		{E65E288B-4EDF-4BC5-8AFC-C460EC41556F}.Release|Any CPU.ActiveCfg = Release|Any CPU
		{E65E288B-4EDF-4BC5-8AFC-C460EC41556F}.Release|Any CPU.Build.0 = Release|Any CPU
		{A0CEDD66-F225-4C0F-ABAF-921CDE8893C5}.Debug|Any CPU.ActiveCfg = Debug|Any CPU
		{A0CEDD66-F225-4C0F-ABAF-921CDE8893C5}.Debug|Any CPU.Build.0 = Debug|Any CPU
		{A0CEDD66-F225-4C0F-ABAF-921CDE8893C5}.Release|Any CPU.ActiveCfg = Release|Any CPU
		{A0CEDD66-F225-4C0F-ABAF-921CDE8893C5}.Release|Any CPU.Build.0 = Release|Any CPU
	EndGlobalSection
	GlobalSection(SolutionProperties) = preSolution
		HideSolutionNode = FALSE
	EndGlobalSection
	GlobalSection(ExtensibilityGlobals) = postSolution
		SolutionGuid = {258B8E31-7161-4DFB-9F5A-E2815D9C3909}
	EndGlobalSection
EndGlobal
